
Microsoft Visual Studio Solution File, Format Version 12.00
# Visual Studio 14
VisualStudioVersion = 14.0.24720.0
MinimumVisualStudioVersion = 10.0.40219.1
Project("{FAE04EC0-301F-11D3-BF4B-00C04F79EFBC}") = "BSOU.Prototype", "BSOU.Prototype\BSOU.Prototype.csproj", "{575D0C39-EB0F-4245-AAA7-B1D9D8D464B1}"
EndProject
Project("{FAE04EC0-301F-11D3-BF4B-00C04F79EFBC}") = "BSU.Sync", "BSU.Sync\BSU.Sync.csproj", "{9379C93A-A9FF-4653-8CAC-D082E256F879}"
EndProject
Global
	GlobalSection(SolutionConfigurationPlatforms) = preSolution
		Debug|Any CPU = Debug|Any CPU
		Release|Any CPU = Release|Any CPU
	EndGlobalSection
	GlobalSection(ProjectConfigurationPlatforms) = postSolution
		{575D0C39-EB0F-4245-AAA7-B1D9D8D464B1}.Debug|Any CPU.ActiveCfg = Debug|Any CPU
		{575D0C39-EB0F-4245-AAA7-B1D9D8D464B1}.Debug|Any CPU.Build.0 = Debug|Any CPU
		{575D0C39-EB0F-4245-AAA7-B1D9D8D464B1}.Release|Any CPU.ActiveCfg = Release|Any CPU
		{575D0C39-EB0F-4245-AAA7-B1D9D8D464B1}.Release|Any CPU.Build.0 = Release|Any CPU
		{9379C93A-A9FF-4653-8CAC-D082E256F879}.Debug|Any CPU.ActiveCfg = Debug|Any CPU
		{9379C93A-A9FF-4653-8CAC-D082E256F879}.Debug|Any CPU.Build.0 = Debug|Any CPU
		{9379C93A-A9FF-4653-8CAC-D082E256F879}.Release|Any CPU.ActiveCfg = Release|Any CPU
		{9379C93A-A9FF-4653-8CAC-D082E256F879}.Release|Any CPU.Build.0 = Release|Any CPU
	EndGlobalSection
	GlobalSection(SolutionProperties) = preSolution
		HideSolutionNode = FALSE
	EndGlobalSection
EndGlobal
